
Microsoft Visual Studio Solution File, Format Version 12.00
# Visual Studio 2012
Project("{159641D6-6404-4A2A-AE62-294DE0FE8301}") = "Integration Services Project4", "Integration Services Project4\Integration Services Project4.dtproj", "{E9055B39-4E97-4855-8B2A-DD960CEF8F25}"
EndProject
Global
	GlobalSection(SolutionConfigurationPlatforms) = preSolution
		Development|Default = Development|Default
	EndGlobalSection
	GlobalSection(ProjectConfigurationPlatforms) = postSolution
		{E9055B39-4E97-4855-8B2A-DD960CEF8F25}.Development|Default.ActiveCfg = Development
		{E9055B39-4E97-4855-8B2A-DD960CEF8F25}.Development|Default.Build.0 = Development
	EndGlobalSection
	GlobalSection(SolutionProperties) = preSolution
		HideSolutionNode = FALSE
	EndGlobalSection
EndGlobal
